
Microsoft Visual Studio Solution File, Format Version 12.00
# Visual Studio Version 17
VisualStudioVersion = 17.8.34511.84
MinimumVisualStudioVersion = 10.0.40219.1
Project("{9A19103F-16F7-4668-BE54-9A1E7A4F7556}") = "ClientWPF", "ClientWPF\ClientWPF.csproj", "{879443C2-F139-4336-A998-24F3E79C73E1}"
EndProject
Project("{9A19103F-16F7-4668-BE54-9A1E7A4F7556}") = "ServerWPF", "ServerWPF\ServerWPF.csproj", "{60A19393-2D28-45CA-86BA-D70EC683209C}"
EndProject
Global
	GlobalSection(SolutionConfigurationPlatforms) = preSolution
		Debug|Any CPU = Debug|Any CPU
		Release|Any CPU = Release|Any CPU
	EndGlobalSection
	GlobalSection(ProjectConfigurationPlatforms) = postSolution
		{879443C2-F139-4336-A998-24F3E79C73E1}.Debug|Any CPU.ActiveCfg = Debug|Any CPU
		{879443C2-F139-4336-A998-24F3E79C73E1}.Debug|Any CPU.Build.0 = Debug|Any CPU
		{879443C2-F139-4336-A998-24F3E79C73E1}.Release|Any CPU.ActiveCfg = Release|Any CPU
		{879443C2-F139-4336-A998-24F3E79C73E1}.Release|Any CPU.Build.0 = Release|Any CPU
		{60A19393-2D28-45CA-86BA-D70EC683209C}.Debug|Any CPU.ActiveCfg = Debug|Any CPU
		{60A19393-2D28-45CA-86BA-D70EC683209C}.Debug|Any CPU.Build.0 = Debug|Any CPU
		{60A19393-2D28-45CA-86BA-D70EC683209C}.Release|Any CPU.ActiveCfg = Release|Any CPU
		{60A19393-2D28-45CA-86BA-D70EC683209C}.Release|Any CPU.Build.0 = Release|Any CPU
	EndGlobalSection
	GlobalSection(SolutionProperties) = preSolution
		HideSolutionNode = FALSE
	EndGlobalSection
	GlobalSection(ExtensibilityGlobals) = postSolution
		SolutionGuid = {4A962DFB-7E00-4442-BB79-F6CAE87A8A74}
	EndGlobalSection
EndGlobal
